<?xml version="1.0" encoding="utf-8"?>
<Project ToolsVersion="4.0" xmlns="http://schemas.microsoft.com/developer/msbuild/2003">
  <ItemGroup>
    <Filter Include="Panels">
      <UniqueIdentifier>{A80D95C9-94AF-BF9F-7D6A-D3F369AB46F0}</UniqueIdentifier>
    </Filter>
  </ItemGroup>
  <ItemGroup>
    <ClInclude Include="src\Chunk.h" />
    <ClInclude Include="src\ChunkWorker.h" />
    <ClInclude Include="src\Element.h" />
    <ClInclude Include="src\GameLayer.h" />
    <ClInclude Include="src\Panels\InspectorPanel.h">
      <Filter>Panels</Filter>
    </ClInclude>
    <ClInclude Include="src\Panels\Panel.h">
      <Filter>Panels</Filter>
    </ClInclude>
    <ClInclude Include="src\Panels\ProfilingPanel.h">
      <Filter>Panels</Filter>
    </ClInclude>
    <ClInclude Include="src\Panels\SceneHierarchyPanel.h">
      <Filter>Panels</Filter>
    </ClInclude>
    <ClInclude Include="src\World.h" />
  </ItemGroup>
  <ItemGroup>
    <ClCompile Include="src\Chunk.cpp" />
    <ClCompile Include="src\ChunkWorker.cpp" />
    <ClCompile Include="src\GameLayer.cpp" />
    <ClCompile Include="src\PixelGameApp.cpp" />
    <ClCompile Include="src\World.cpp" />
  </ItemGroup>
  <ItemGroup>
    <Xml Include="assets\data\CellData.xml" />
  </ItemGroup>
</Project>