<?xml version="1.0" encoding="utf-8"?>
<Project ToolsVersion="4.0" xmlns="http://schemas.microsoft.com/developer/msbuild/2003">
  <ItemGroup>
    <Filter Include="Pixel-Game">
      <UniqueIdentifier>{2E61DF5C-1A19-21AA-8320-FA056FF7BB9A}</UniqueIdentifier>
    </Filter>
    <Filter Include="Pixel-Game\src">
      <UniqueIdentifier>{45060493-31D4-F798-1A68-68BF06D5D3FD}</UniqueIdentifier>
    </Filter>
    <Filter Include="Pixel-Game\src\common">
      <UniqueIdentifier>{FDC735D0-6934-F1CA-3228-89289E531333}</UniqueIdentifier>
    </Filter>
    <Filter Include="src">
      <UniqueIdentifier>{2DAB880B-99B4-887C-2230-9F7C8E38947C}</UniqueIdentifier>
    </Filter>
  </ItemGroup>
  <ItemGroup>
    <ClInclude Include="..\Pixel-Game\src\common\Chunk.h">
      <Filter>Pixel-Game\src\common</Filter>
    </ClInclude>
    <ClInclude Include="..\Pixel-Game\src\common\ChunkWorker.h">
      <Filter>Pixel-Game\src\common</Filter>
    </ClInclude>
    <ClInclude Include="..\Pixel-Game\src\common\Element.h">
      <Filter>Pixel-Game\src\common</Filter>
    </ClInclude>
    <ClInclude Include="..\Pixel-Game\src\common\PixelClientInterface.h">
      <Filter>Pixel-Game\src\common</Filter>
    </ClInclude>
    <ClInclude Include="..\Pixel-Game\src\common\PixelRigidBody.h">
      <Filter>Pixel-Game\src\common</Filter>
    </ClInclude>
    <ClInclude Include="..\Pixel-Game\src\common\World.h">
      <Filter>Pixel-Game\src\common</Filter>
    </ClInclude>
    <ClInclude Include="src\PixelGameServer.h">
      <Filter>src</Filter>
    </ClInclude>
  </ItemGroup>
  <ItemGroup>
    <ClCompile Include="..\Pixel-Game\src\common\Chunk.cpp">
      <Filter>Pixel-Game\src\common</Filter>
    </ClCompile>
    <ClCompile Include="..\Pixel-Game\src\common\ChunkWorker.cpp">
      <Filter>Pixel-Game\src\common</Filter>
    </ClCompile>
    <ClCompile Include="..\Pixel-Game\src\common\PixelClientInterface.cpp">
      <Filter>Pixel-Game\src\common</Filter>
    </ClCompile>
    <ClCompile Include="..\Pixel-Game\src\common\PixelRigidBody.cpp">
      <Filter>Pixel-Game\src\common</Filter>
    </ClCompile>
    <ClCompile Include="..\Pixel-Game\src\common\World.cpp">
      <Filter>Pixel-Game\src\common</Filter>
    </ClCompile>
    <ClCompile Include="src\PixelGameServer.cpp">
      <Filter>src</Filter>
    </ClCompile>
    <ClCompile Include="src\PixelGameServerApp.cpp">
      <Filter>src</Filter>
    </ClCompile>
  </ItemGroup>
</Project>